
Microsoft Visual Studio Solution File, Format Version 12.00
# Visual Studio 14
VisualStudioVersion = 14.0.25420.1
MinimumVisualStudioVersion = 10.0.40219.1
Project("{FAE04EC0-301F-11D3-BF4B-00C04F79EFBC}") = "CowFarm", "CowFarm\CowFarm\CowFarm.csproj", "{43AD095C-25F0-4A69-B09D-69F57C2960FA}"
EndProject
Project("{FAE04EC0-301F-11D3-BF4B-00C04F79EFBC}") = "CowFarmContent", "CowFarm\CowFarmContent\CowFarmContent.contentproj", "{C3E69710-3450-4624-BC9C-4602B8654A60}"
EndProject
Project("{FAE04EC0-301F-11D3-BF4B-00C04F79EFBC}") = "Samples XNA", "..\..\..\..\Desktop\Farseer Physics Engine 3.5 Samples\Farseer Physics Samples 3.5\Samples XNA.csproj", "{3681ADA2-B2F3-4157-A603-82C742379856}"
EndProject
Project("{FAE04EC0-301F-11D3-BF4B-00C04F79EFBC}") = "DebugView XNA", "..\..\..\..\Desktop\Farseer Physics Engine 3.5 Samples\Farseer Physics DebugView 3.5\DebugView XNA.csproj", "{FC7845FA-13FE-4FF8-822A-A577F3F59B00}"
EndProject
Project("{FAE04EC0-301F-11D3-BF4B-00C04F79EFBC}") = "Farseer Physics XNA", "..\..\..\..\Desktop\Farseer Physics Engine 3.5 Samples\Farseer Physics Engine 3.5\Farseer Physics XNA.csproj", "{0A850700-1ABB-4288-A391-6726B90EBEB9}"
EndProject
Global
	GlobalSection(SolutionConfigurationPlatforms) = preSolution
		Debug|x86 = Debug|x86
		Release|x86 = Release|x86
	EndGlobalSection
	GlobalSection(ProjectConfigurationPlatforms) = postSolution
		{43AD095C-25F0-4A69-B09D-69F57C2960FA}.Debug|x86.ActiveCfg = Release|x86
		{43AD095C-25F0-4A69-B09D-69F57C2960FA}.Debug|x86.Build.0 = Release|x86
		{43AD095C-25F0-4A69-B09D-69F57C2960FA}.Release|x86.ActiveCfg = Release|x86
		{43AD095C-25F0-4A69-B09D-69F57C2960FA}.Release|x86.Build.0 = Release|x86
		{C3E69710-3450-4624-BC9C-4602B8654A60}.Debug|x86.ActiveCfg = Release|x86
		{C3E69710-3450-4624-BC9C-4602B8654A60}.Debug|x86.Build.0 = Release|x86
		{C3E69710-3450-4624-BC9C-4602B8654A60}.Debug|x86.Deploy.0 = Release|x86
		{C3E69710-3450-4624-BC9C-4602B8654A60}.Release|x86.ActiveCfg = Release|x86
		{3681ADA2-B2F3-4157-A603-82C742379856}.Debug|x86.ActiveCfg = Release|x86
		{3681ADA2-B2F3-4157-A603-82C742379856}.Release|x86.ActiveCfg = Release|x86
		{FC7845FA-13FE-4FF8-822A-A577F3F59B00}.Debug|x86.ActiveCfg = Release|x86
		{FC7845FA-13FE-4FF8-822A-A577F3F59B00}.Release|x86.ActiveCfg = Release|x86
		{0A850700-1ABB-4288-A391-6726B90EBEB9}.Debug|x86.ActiveCfg = Release|x86
		{0A850700-1ABB-4288-A391-6726B90EBEB9}.Release|x86.ActiveCfg = Release|x86
	EndGlobalSection
	GlobalSection(SolutionProperties) = preSolution
		HideSolutionNode = FALSE
	EndGlobalSection
EndGlobal
